
Microsoft Visual Studio Solution File, Format Version 12.00
# Visual Studio Version 17
VisualStudioVersion = 17.7.34024.191
MinimumVisualStudioVersion = 10.0.40219.1
Project("{9A19103F-16F7-4668-BE54-9A1E7A4F7556}") = "SurveyApp.UI", "SurveyApp.UI\SurveyApp.UI.csproj", "{594E72D0-E41D-4769-A836-2B8A2AD0DB5A}"
EndProject
Project("{9A19103F-16F7-4668-BE54-9A1E7A4F7556}") = "SurveyApp.Data", "SurveyApp.Data\SurveyApp.Data.csproj", "{1D47E249-D6C8-4891-A450-86C726BBC081}"
EndProject
Project("{FAE04EC0-301F-11D3-BF4B-00C04F79EFBC}") = "SurveyApp.Service", "SurveyApp.Service\SurveyApp.Service.csproj", "{1B818418-5087-460A-AB10-017FA1165911}"
EndProject
Global
	GlobalSection(SolutionConfigurationPlatforms) = preSolution
		Debug|Any CPU = Debug|Any CPU
		Release|Any CPU = Release|Any CPU
	EndGlobalSection
	GlobalSection(ProjectConfigurationPlatforms) = postSolution
		{594E72D0-E41D-4769-A836-2B8A2AD0DB5A}.Debug|Any CPU.ActiveCfg = Debug|Any CPU
		{594E72D0-E41D-4769-A836-2B8A2AD0DB5A}.Debug|Any CPU.Build.0 = Debug|Any CPU
		{594E72D0-E41D-4769-A836-2B8A2AD0DB5A}.Release|Any CPU.ActiveCfg = Release|Any CPU
		{594E72D0-E41D-4769-A836-2B8A2AD0DB5A}.Release|Any CPU.Build.0 = Release|Any CPU
		{1D47E249-D6C8-4891-A450-86C726BBC081}.Debug|Any CPU.ActiveCfg = Debug|Any CPU
		{1D47E249-D6C8-4891-A450-86C726BBC081}.Debug|Any CPU.Build.0 = Debug|Any CPU
		{1D47E249-D6C8-4891-A450-86C726BBC081}.Release|Any CPU.ActiveCfg = Release|Any CPU
		{1D47E249-D6C8-4891-A450-86C726BBC081}.Release|Any CPU.Build.0 = Release|Any CPU
		{1B818418-5087-460A-AB10-017FA1165911}.Debug|Any CPU.ActiveCfg = Debug|Any CPU
		{1B818418-5087-460A-AB10-017FA1165911}.Debug|Any CPU.Build.0 = Debug|Any CPU
		{1B818418-5087-460A-AB10-017FA1165911}.Release|Any CPU.ActiveCfg = Release|Any CPU
		{1B818418-5087-460A-AB10-017FA1165911}.Release|Any CPU.Build.0 = Release|Any CPU
	EndGlobalSection
	GlobalSection(SolutionProperties) = preSolution
		HideSolutionNode = FALSE
	EndGlobalSection
	GlobalSection(ExtensibilityGlobals) = postSolution
		SolutionGuid = {D7FF4A96-3DFE-4DB4-BBA9-06863111ECBE}
	EndGlobalSection
EndGlobal
